
Microsoft Visual Studio Solution File, Format Version 12.00
# Visual Studio Version 16
VisualStudioVersion = 16.0.30114.105
MinimumVisualStudioVersion = 10.0.40219.1
Project("{2150E333-8FDC-42A3-9474-1A3956D46DE8}") = "assignment", "assignment", "{13FCF20D-B323-4082-B575-CD62FB7886C9}"
EndProject
Project("{FAE04EC0-301F-11D3-BF4B-00C04F79EFBC}") = "LearnToCode.Assignment.Basics", "assignment\LearnToCode.Assignment.Basics\LearnToCode.Assignment.Basics.csproj", "{EE1679D6-71DF-43DF-A866-3B0CF61E0438}"
EndProject
Project("{2150E333-8FDC-42A3-9474-1A3956D46DE8}") = "assignment-test", "assignment-test", "{C89DAD99-D580-411B-A26E-8CC9E9097ED8}"
EndProject
Project("{FAE04EC0-301F-11D3-BF4B-00C04F79EFBC}") = "LearnToCode.Assignment.Basics.Tests", "assignment-test\LearnToCode.Assignment.Basics.Tests\LearnToCode.Assignment.Basics.Tests.csproj", "{3FCE7571-ECE2-4F96-8D1C-F073D3DD6B4B}"
EndProject
Global
	GlobalSection(SolutionConfigurationPlatforms) = preSolution
		Debug|Any CPU = Debug|Any CPU
		Release|Any CPU = Release|Any CPU
	EndGlobalSection
	GlobalSection(SolutionProperties) = preSolution
		HideSolutionNode = FALSE
	EndGlobalSection
	GlobalSection(ProjectConfigurationPlatforms) = postSolution
		{EE1679D6-71DF-43DF-A866-3B0CF61E0438}.Debug|Any CPU.ActiveCfg = Debug|Any CPU
		{EE1679D6-71DF-43DF-A866-3B0CF61E0438}.Debug|Any CPU.Build.0 = Debug|Any CPU
		{EE1679D6-71DF-43DF-A866-3B0CF61E0438}.Release|Any CPU.ActiveCfg = Release|Any CPU
		{EE1679D6-71DF-43DF-A866-3B0CF61E0438}.Release|Any CPU.Build.0 = Release|Any CPU
		{3FCE7571-ECE2-4F96-8D1C-F073D3DD6B4B}.Debug|Any CPU.ActiveCfg = Debug|Any CPU
		{3FCE7571-ECE2-4F96-8D1C-F073D3DD6B4B}.Debug|Any CPU.Build.0 = Debug|Any CPU
		{3FCE7571-ECE2-4F96-8D1C-F073D3DD6B4B}.Release|Any CPU.ActiveCfg = Release|Any CPU
		{3FCE7571-ECE2-4F96-8D1C-F073D3DD6B4B}.Release|Any CPU.Build.0 = Release|Any CPU
	EndGlobalSection
	GlobalSection(NestedProjects) = preSolution
		{EE1679D6-71DF-43DF-A866-3B0CF61E0438} = {13FCF20D-B323-4082-B575-CD62FB7886C9}
		{3FCE7571-ECE2-4F96-8D1C-F073D3DD6B4B} = {C89DAD99-D580-411B-A26E-8CC9E9097ED8}
	EndGlobalSection
EndGlobal
